
Microsoft Visual Studio Solution File, Format Version 12.00
Project("{FAE04EC0-301F-11D3-BF4B-00C04F79EFBC}") = "Digital-Wellbeing", "Digital-Wellbeing.csproj", "{E7502121-BD7C-4C6B-B111-B2A12208448B}"
EndProject
Global
	GlobalSection(SolutionConfigurationPlatforms) = preSolution
		Debug|Any CPU = Debug|Any CPU
		Release|Any CPU = Release|Any CPU
	EndGlobalSection
	GlobalSection(ProjectConfigurationPlatforms) = postSolution
		{E7502121-BD7C-4C6B-B111-B2A12208448B}.Debug|Any CPU.ActiveCfg = Debug|Any CPU
		{E7502121-BD7C-4C6B-B111-B2A12208448B}.Debug|Any CPU.Build.0 = Debug|Any CPU
		{E7502121-BD7C-4C6B-B111-B2A12208448B}.Release|Any CPU.ActiveCfg = Release|Any CPU
		{E7502121-BD7C-4C6B-B111-B2A12208448B}.Release|Any CPU.Build.0 = Release|Any CPU
	EndGlobalSection
EndGlobal
